// !$*UTF8*$!
{
	archiveVersion = 1;
	classes = {
	};
	objectVersion = 51;
	objects = {

/* Begin PBXBuildFile section */
		0E71115A09B963B9109918E8 /* Pods_CoordinatorPattern.framework in Frameworks */ = {isa = PBXBuildFile; fileRef = 0BF9B405720C4366404F3E6D /* Pods_CoordinatorPattern.framework */; };
		ACCB53EC3965E7158413F0AF /* Pods_CoordinatorPatternTests.framework in Frameworks */ = {isa = PBXBuildFile; fileRef = D143D61E569D49FB725236F8 /* Pods_CoordinatorPatternTests.framework */; };
		C600954624492B3B00B9B12F /* AppDelegate.swift in Sources */ = {isa = PBXBuildFile; fileRef = C600954524492B3B00B9B12F /* AppDelegate.swift */; };
		C600954824492B3B00B9B12F /* SceneDelegate.swift in Sources */ = {isa = PBXBuildFile; fileRef = C600954724492B3B00B9B12F /* SceneDelegate.swift */; };
		C600954A24492B3B00B9B12F /* ViewController.swift in Sources */ = {isa = PBXBuildFile; fileRef = C600954924492B3B00B9B12F /* ViewController.swift */; };
		C600954D24492B3B00B9B12F /* Main.storyboard in Resources */ = {isa = PBXBuildFile; fileRef = C600954B24492B3B00B9B12F /* Main.storyboard */; };
		C600954F24492B3C00B9B12F /* Assets.xcassets in Resources */ = {isa = PBXBuildFile; fileRef = C600954E24492B3C00B9B12F /* Assets.xcassets */; };
		C600955224492B3C00B9B12F /* LaunchScreen.storyboard in Resources */ = {isa = PBXBuildFile; fileRef = C600955024492B3C00B9B12F /* LaunchScreen.storyboard */; };
		C600955D24492B3C00B9B12F /* CoordinatorPatternTests.swift in Sources */ = {isa = PBXBuildFile; fileRef = C600955C24492B3C00B9B12F /* CoordinatorPatternTests.swift */; };
		C600956D244931B200B9B12F /* MainViewController.swift in Sources */ = {isa = PBXBuildFile; fileRef = C600956B244931B200B9B12F /* MainViewController.swift */; };
		C600956E244931B200B9B12F /* MainViewController.xib in Resources */ = {isa = PBXBuildFile; fileRef = C600956C244931B200B9B12F /* MainViewController.xib */; };
		C600957624493AB200B9B12F /* QuestViewController.xib in Resources */ = {isa = PBXBuildFile; fileRef = C600957424493AB200B9B12F /* QuestViewController.xib */; };
		C6009579244946E200B9B12F /* Inventory.swift in Sources */ = {isa = PBXBuildFile; fileRef = C6009578244946E200B9B12F /* Inventory.swift */; };
		C600957E2449554E00B9B12F /* QuestViewController.swift in Sources */ = {isa = PBXBuildFile; fileRef = C600957D2449554E00B9B12F /* QuestViewController.swift */; };
		C6009580244955B200B9B12F /* QuestItem.swift in Sources */ = {isa = PBXBuildFile; fileRef = C600957F244955B200B9B12F /* QuestItem.swift */; };
		C600958324495F7600B9B12F /* CompleteViewController.swift in Sources */ = {isa = PBXBuildFile; fileRef = C600958124495F7600B9B12F /* CompleteViewController.swift */; };
		C600958424495F7600B9B12F /* CompleteViewController.xib in Resources */ = {isa = PBXBuildFile; fileRef = C600958224495F7600B9B12F /* CompleteViewController.xib */; };
		C60095862449699000B9B12F /* Coordinator.swift in Sources */ = {isa = PBXBuildFile; fileRef = C60095852449699000B9B12F /* Coordinator.swift */; };
		C6009589244970E900B9B12F /* BaseCoordinator.swift in Sources */ = {isa = PBXBuildFile; fileRef = C6009588244970E900B9B12F /* BaseCoordinator.swift */; };
		C600958B244973FB00B9B12F /* QuestCoordinator.swift in Sources */ = {isa = PBXBuildFile; fileRef = C600958A244973FB00B9B12F /* QuestCoordinator.swift */; };
		C600958D2449776900B9B12F /* CoordinatorManager.swift in Sources */ = {isa = PBXBuildFile; fileRef = C600958C2449776900B9B12F /* CoordinatorManager.swift */; };
/* End PBXBuildFile section */

/* Begin PBXContainerItemProxy section */
		C600955924492B3C00B9B12F /* PBXContainerItemProxy */ = {
			isa = PBXContainerItemProxy;
			containerPortal = C600953A24492B3B00B9B12F /* Project object */;
			proxyType = 1;
			remoteGlobalIDString = C600954124492B3B00B9B12F;
			remoteInfo = CoordinatorPattern;
		};
/* End PBXContainerItemProxy section */

/* Begin PBXFileReference section */
		0BF9B405720C4366404F3E6D /* Pods_CoordinatorPattern.framework */ = {isa = PBXFileReference; explicitFileType = wrapper.framework; includeInIndex = 0; path = Pods_CoordinatorPattern.framework; sourceTree = BUILT_PRODUCTS_DIR; };
		42787CD1BD28BD62223F72E4 /* Pods-CoordinatorPattern.debug.xcconfig */ = {isa = PBXFileReference; includeInIndex = 1; lastKnownFileType = text.xcconfig; name = "Pods-CoordinatorPattern.debug.xcconfig"; path = "Target Support Files/Pods-CoordinatorPattern/Pods-CoordinatorPattern.debug.xcconfig"; sourceTree = "<group>"; };
		454A8CF9BFC8600044340F38 /* Pods-CoordinatorPatternTests.release.xcconfig */ = {isa = PBXFileReference; includeInIndex = 1; lastKnownFileType = text.xcconfig; name = "Pods-CoordinatorPatternTests.release.xcconfig"; path = "Target Support Files/Pods-CoordinatorPatternTests/Pods-CoordinatorPatternTests.release.xcconfig"; sourceTree = "<group>"; };
		547024DD6B956D2370362BEC /* Pods-CoordinatorPattern.release.xcconfig */ = {isa = PBXFileReference; includeInIndex = 1; lastKnownFileType = text.xcconfig; name = "Pods-CoordinatorPattern.release.xcconfig"; path = "Target Support Files/Pods-CoordinatorPattern/Pods-CoordinatorPattern.release.xcconfig"; sourceTree = "<group>"; };
		58CB07407C3526B647EFA629 /* Pods-CoordinatorPatternTests.debug.xcconfig */ = {isa = PBXFileReference; includeInIndex = 1; lastKnownFileType = text.xcconfig; name = "Pods-CoordinatorPatternTests.debug.xcconfig"; path = "Target Support Files/Pods-CoordinatorPatternTests/Pods-CoordinatorPatternTests.debug.xcconfig"; sourceTree = "<group>"; };
		C600954224492B3B00B9B12F /* CoordinatorPattern.app */ = {isa = PBXFileReference; explicitFileType = wrapper.application; includeInIndex = 0; path = CoordinatorPattern.app; sourceTree = BUILT_PRODUCTS_DIR; };
		C600954524492B3B00B9B12F /* AppDelegate.swift */ = {isa = PBXFileReference; lastKnownFileType = sourcecode.swift; path = AppDelegate.swift; sourceTree = "<group>"; };
		C600954724492B3B00B9B12F /* SceneDelegate.swift */ = {isa = PBXFileReference; lastKnownFileType = sourcecode.swift; path = SceneDelegate.swift; sourceTree = "<group>"; };
		C600954924492B3B00B9B12F /* ViewController.swift */ = {isa = PBXFileReference; lastKnownFileType = sourcecode.swift; path = ViewController.swift; sourceTree = "<group>"; };
		C600954C24492B3B00B9B12F /* Base */ = {isa = PBXFileReference; lastKnownFileType = file.storyboard; name = Base; path = Base.lproj/Main.storyboard; sourceTree = "<group>"; };
		C600954E24492B3C00B9B12F /* Assets.xcassets */ = {isa = PBXFileReference; lastKnownFileType = folder.assetcatalog; path = Assets.xcassets; sourceTree = "<group>"; };
		C600955124492B3C00B9B12F /* Base */ = {isa = PBXFileReference; lastKnownFileType = file.storyboard; name = Base; path = Base.lproj/LaunchScreen.storyboard; sourceTree = "<group>"; };
		C600955324492B3C00B9B12F /* Info.plist */ = {isa = PBXFileReference; lastKnownFileType = text.plist.xml; path = Info.plist; sourceTree = "<group>"; };
		C600955824492B3C00B9B12F /* CoordinatorPatternTests.xctest */ = {isa = PBXFileReference; explicitFileType = wrapper.cfbundle; includeInIndex = 0; path = CoordinatorPatternTests.xctest; sourceTree = BUILT_PRODUCTS_DIR; };
		C600955C24492B3C00B9B12F /* CoordinatorPatternTests.swift */ = {isa = PBXFileReference; lastKnownFileType = sourcecode.swift; path = CoordinatorPatternTests.swift; sourceTree = "<group>"; };
		C600955E24492B3C00B9B12F /* Info.plist */ = {isa = PBXFileReference; lastKnownFileType = text.plist.xml; path = Info.plist; sourceTree = "<group>"; };
		C600956B244931B200B9B12F /* MainViewController.swift */ = {isa = PBXFileReference; lastKnownFileType = sourcecode.swift; path = MainViewController.swift; sourceTree = "<group>"; };
		C600956C244931B200B9B12F /* MainViewController.xib */ = {isa = PBXFileReference; lastKnownFileType = file.xib; path = MainViewController.xib; sourceTree = "<group>"; };
		C600957424493AB200B9B12F /* QuestViewController.xib */ = {isa = PBXFileReference; lastKnownFileType = file.xib; path = QuestViewController.xib; sourceTree = "<group>"; };
		C6009578244946E200B9B12F /* Inventory.swift */ = {isa = PBXFileReference; lastKnownFileType = sourcecode.swift; path = Inventory.swift; sourceTree = "<group>"; };
		C600957D2449554E00B9B12F /* QuestViewController.swift */ = {isa = PBXFileReference; lastKnownFileType = sourcecode.swift; path = QuestViewController.swift; sourceTree = "<group>"; };
		C600957F244955B200B9B12F /* QuestItem.swift */ = {isa = PBXFileReference; lastKnownFileType = sourcecode.swift; path = QuestItem.swift; sourceTree = "<group>"; };
		C600958124495F7600B9B12F /* CompleteViewController.swift */ = {isa = PBXFileReference; lastKnownFileType = sourcecode.swift; path = CompleteViewController.swift; sourceTree = "<group>"; };
		C600958224495F7600B9B12F /* CompleteViewController.xib */ = {isa = PBXFileReference; lastKnownFileType = file.xib; path = CompleteViewController.xib; sourceTree = "<group>"; };
		C60095852449699000B9B12F /* Coordinator.swift */ = {isa = PBXFileReference; lastKnownFileType = sourcecode.swift; path = Coordinator.swift; sourceTree = "<group>"; };
		C6009588244970E900B9B12F /* BaseCoordinator.swift */ = {isa = PBXFileReference; lastKnownFileType = sourcecode.swift; path = BaseCoordinator.swift; sourceTree = "<group>"; };
		C600958A244973FB00B9B12F /* QuestCoordinator.swift */ = {isa = PBXFileReference; lastKnownFileType = sourcecode.swift; path = QuestCoordinator.swift; sourceTree = "<group>"; };
		C600958C2449776900B9B12F /* CoordinatorManager.swift */ = {isa = PBXFileReference; lastKnownFileType = sourcecode.swift; path = CoordinatorManager.swift; sourceTree = "<group>"; };
		D143D61E569D49FB725236F8 /* Pods_CoordinatorPatternTests.framework */ = {isa = PBXFileReference; explicitFileType = wrapper.framework; includeInIndex = 0; path = Pods_CoordinatorPatternTests.framework; sourceTree = BUILT_PRODUCTS_DIR; };
/* End PBXFileReference section */

/* Begin PBXFrameworksBuildPhase section */
		C600953F24492B3B00B9B12F /* Frameworks */ = {
			isa = PBXFrameworksBuildPhase;
			buildActionMask = 2147483647;
			files = (
				0E71115A09B963B9109918E8 /* Pods_CoordinatorPattern.framework in Frameworks */,
			);
			runOnlyForDeploymentPostprocessing = 0;
		};
		C600955524492B3C00B9B12F /* Frameworks */ = {
			isa = PBXFrameworksBuildPhase;
			buildActionMask = 2147483647;
			files = (
				ACCB53EC3965E7158413F0AF /* Pods_CoordinatorPatternTests.framework in Frameworks */,
			);
			runOnlyForDeploymentPostprocessing = 0;
		};
/* End PBXFrameworksBuildPhase section */

/* Begin PBXGroup section */
		7F88659C94DBBADF8ED9E2F6 /* Pods */ = {
			isa = PBXGroup;
			children = (
				42787CD1BD28BD62223F72E4 /* Pods-CoordinatorPattern.debug.xcconfig */,
				547024DD6B956D2370362BEC /* Pods-CoordinatorPattern.release.xcconfig */,
				58CB07407C3526B647EFA629 /* Pods-CoordinatorPatternTests.debug.xcconfig */,
				454A8CF9BFC8600044340F38 /* Pods-CoordinatorPatternTests.release.xcconfig */,
			);
			path = Pods;
			sourceTree = "<group>";
		};
		C51434E3AD305B4DB5571092 /* Frameworks */ = {
			isa = PBXGroup;
			children = (
				0BF9B405720C4366404F3E6D /* Pods_CoordinatorPattern.framework */,
				D143D61E569D49FB725236F8 /* Pods_CoordinatorPatternTests.framework */,
			);
			name = Frameworks;
			sourceTree = "<group>";
		};
		C600953924492B3B00B9B12F = {
			isa = PBXGroup;
			children = (
				C600954424492B3B00B9B12F /* CoordinatorPattern */,
				C600955B24492B3C00B9B12F /* CoordinatorPatternTests */,
				C600954324492B3B00B9B12F /* Products */,
				7F88659C94DBBADF8ED9E2F6 /* Pods */,
				C51434E3AD305B4DB5571092 /* Frameworks */,
			);
			sourceTree = "<group>";
		};
		C600954324492B3B00B9B12F /* Products */ = {
			isa = PBXGroup;
			children = (
				C600954224492B3B00B9B12F /* CoordinatorPattern.app */,
				C600955824492B3C00B9B12F /* CoordinatorPatternTests.xctest */,
			);
			name = Products;
			sourceTree = "<group>";
		};
		C600954424492B3B00B9B12F /* CoordinatorPattern */ = {
			isa = PBXGroup;
			children = (
				C60095772449468C00B9B12F /* Models */,
				C600957A244950CC00B9B12F /* Core */,
				C600956A2449315D00B9B12F /* View Controllers */,
				C600954524492B3B00B9B12F /* AppDelegate.swift */,
				C600954724492B3B00B9B12F /* SceneDelegate.swift */,
				C600954924492B3B00B9B12F /* ViewController.swift */,
				C600954B24492B3B00B9B12F /* Main.storyboard */,
				C600954E24492B3C00B9B12F /* Assets.xcassets */,
				C600955024492B3C00B9B12F /* LaunchScreen.storyboard */,
				C600955324492B3C00B9B12F /* Info.plist */,
			);
			path = CoordinatorPattern;
			sourceTree = "<group>";
		};
		C600955B24492B3C00B9B12F /* CoordinatorPatternTests */ = {
			isa = PBXGroup;
			children = (
				C600955C24492B3C00B9B12F /* CoordinatorPatternTests.swift */,
				C600955E24492B3C00B9B12F /* Info.plist */,
			);
			path = CoordinatorPatternTests;
			sourceTree = "<group>";
		};
		C600956A2449315D00B9B12F /* View Controllers */ = {
			isa = PBXGroup;
			children = (
				C600956B244931B200B9B12F /* MainViewController.swift */,
				C600956C244931B200B9B12F /* MainViewController.xib */,
				C600957D2449554E00B9B12F /* QuestViewController.swift */,
				C600957424493AB200B9B12F /* QuestViewController.xib */,
				C600958124495F7600B9B12F /* CompleteViewController.swift */,
				C600958224495F7600B9B12F /* CompleteViewController.xib */,
			);
			path = "View Controllers";
			sourceTree = "<group>";
		};
		C60095772449468C00B9B12F /* Models */ = {
			isa = PBXGroup;
			children = (
				C6009578244946E200B9B12F /* Inventory.swift */,
				C600957F244955B200B9B12F /* QuestItem.swift */,
			);
			path = Models;
			sourceTree = "<group>";
		};
		C600957A244950CC00B9B12F /* Core */ = {
			isa = PBXGroup;
			children = (
				C600958C2449776900B9B12F /* CoordinatorManager.swift */,
				C60095852449699000B9B12F /* Coordinator.swift */,
				C6009588244970E900B9B12F /* BaseCoordinator.swift */,
				C600958A244973FB00B9B12F /* QuestCoordinator.swift */,
			);
			path = Core;
			sourceTree = "<group>";
		};
/* End PBXGroup section */

/* Begin PBXNativeTarget section */
		C600954124492B3B00B9B12F /* CoordinatorPattern */ = {
			isa = PBXNativeTarget;
			buildConfigurationList = C600956124492B3C00B9B12F /* Build configuration list for PBXNativeTarget "CoordinatorPattern" */;
			buildPhases = (
				9EAE4949EB62C64BC7CD5D49 /* [CP] Check Pods Manifest.lock */,
				C600953E24492B3B00B9B12F /* Sources */,
				C600953F24492B3B00B9B12F /* Frameworks */,
				C600954024492B3B00B9B12F /* Resources */,
				FE817D30F9319C166215114A /* [CP] Embed Pods Frameworks */,
			);
			buildRules = (
			);
			dependencies = (
			);
			name = CoordinatorPattern;
			productName = CoordinatorPattern;
			productReference = C600954224492B3B00B9B12F /* CoordinatorPattern.app */;
			productType = "com.apple.product-type.application";
		};
		C600955724492B3C00B9B12F /* CoordinatorPatternTests */ = {
			isa = PBXNativeTarget;
			buildConfigurationList = C600956424492B3C00B9B12F /* Build configuration list for PBXNativeTarget "CoordinatorPatternTests" */;
			buildPhases = (
				DF5745D250183512C3EFF17A /* [CP] Check Pods Manifest.lock */,
				C600955424492B3C00B9B12F /* Sources */,
				C600955524492B3C00B9B12F /* Frameworks */,
				C600955624492B3C00B9B12F /* Resources */,
			);
			buildRules = (
			);
			dependencies = (
				C600955A24492B3C00B9B12F /* PBXTargetDependency */,
			);
			name = CoordinatorPatternTests;
			productName = CoordinatorPatternTests;
			productReference = C600955824492B3C00B9B12F /* CoordinatorPatternTests.xctest */;
			productType = "com.apple.product-type.bundle.unit-test";
		};
/* End PBXNativeTarget section */

/* Begin PBXProject section */
		C600953A24492B3B00B9B12F /* Project object */ = {
			isa = PBXProject;
			attributes = {
				LastSwiftUpdateCheck = 1120;
				LastUpgradeCheck = 1120;
				ORGANIZATIONNAME = "Mike Pujol";
				TargetAttributes = {
					C600954124492B3B00B9B12F = {
						CreatedOnToolsVersion = 11.2.1;
					};
					C600955724492B3C00B9B12F = {
						CreatedOnToolsVersion = 11.2.1;
						TestTargetID = C600954124492B3B00B9B12F;
					};
				};
			};
			buildConfigurationList = C600953D24492B3B00B9B12F /* Build configuration list for PBXProject "CoordinatorPattern" */;
			compatibilityVersion = "Xcode 9.3";
			developmentRegion = en;
			hasScannedForEncodings = 0;
			knownRegions = (
				en,
				Base,
			);
			mainGroup = C600953924492B3B00B9B12F;
			productRefGroup = C600954324492B3B00B9B12F /* Products */;
			projectDirPath = "";
			projectRoot = "";
			targets = (
				C600954124492B3B00B9B12F /* CoordinatorPattern */,
				C600955724492B3C00B9B12F /* CoordinatorPatternTests */,
			);
		};
/* End PBXProject section */

/* Begin PBXResourcesBuildPhase section */
		C600954024492B3B00B9B12F /* Resources */ = {
			isa = PBXResourcesBuildPhase;
			buildActionMask = 2147483647;
			files = (
				C600957624493AB200B9B12F /* QuestViewController.xib in Resources */,
				C600955224492B3C00B9B12F /* LaunchScreen.storyboard in Resources */,
				C600954F24492B3C00B9B12F /* Assets.xcassets in Resources */,
				C600954D24492B3B00B9B12F /* Main.storyboard in Resources */,
				C600956E244931B200B9B12F /* MainViewController.xib in Resources */,
				C600958424495F7600B9B12F /* CompleteViewController.xib in Resources */,
			);
			runOnlyForDeploymentPostprocessing = 0;
		};
		C600955624492B3C00B9B12F /* Resources */ = {
			isa = PBXResourcesBuildPhase;
			buildActionMask = 2147483647;
			files = (
			);
			runOnlyForDeploymentPostprocessing = 0;
		};
/* End PBXResourcesBuildPhase section */

/* Begin PBXShellScriptBuildPhase section */
		9EAE4949EB62C64BC7CD5D49 /* [CP] Check Pods Manifest.lock */ = {
			isa = PBXShellScriptBuildPhase;
			buildActionMask = 2147483647;
			files = (
			);
			inputFileListPaths = (
			);
			inputPaths = (
				"${PODS_PODFILE_DIR_PATH}/Podfile.lock",
				"${PODS_ROOT}/Manifest.lock",
			);
			name = "[CP] Check Pods Manifest.lock";
			outputFileListPaths = (
			);
			outputPaths = (
				"$(DERIVED_FILE_DIR)/Pods-CoordinatorPattern-checkManifestLockResult.txt",
			);
			runOnlyForDeploymentPostprocessing = 0;
			shellPath = /bin/sh;
			shellScript = "diff \"${PODS_PODFILE_DIR_PATH}/Podfile.lock\" \"${PODS_ROOT}/Manifest.lock\" > /dev/null\nif [ $? != 0 ] ; then\n    # print error to STDERR\n    echo \"error: The sandbox is not in sync with the Podfile.lock. Run 'pod install' or update your CocoaPods installation.\" >&2\n    exit 1\nfi\n# This output is used by Xcode 'outputs' to avoid re-running this script phase.\necho \"SUCCESS\" > \"${SCRIPT_OUTPUT_FILE_0}\"\n";
			showEnvVarsInLog = 0;
		};
		DF5745D250183512C3EFF17A /* [CP] Check Pods Manifest.lock */ = {
			isa = PBXShellScriptBuildPhase;
			buildActionMask = 2147483647;
			files = (
			);
			inputFileListPaths = (
			);
			inputPaths = (
				"${PODS_PODFILE_DIR_PATH}/Podfile.lock",
				"${PODS_ROOT}/Manifest.lock",
			);
			name = "[CP] Check Pods Manifest.lock";
			outputFileListPaths = (
			);
			outputPaths = (
				"$(DERIVED_FILE_DIR)/Pods-CoordinatorPatternTests-checkManifestLockResult.txt",
			);
			runOnlyForDeploymentPostprocessing = 0;
			shellPath = /bin/sh;
			shellScript = "diff \"${PODS_PODFILE_DIR_PATH}/Podfile.lock\" \"${PODS_ROOT}/Manifest.lock\" > /dev/null\nif [ $? != 0 ] ; then\n    # print error to STDERR\n    echo \"error: The sandbox is not in sync with the Podfile.lock. Run 'pod install' or update your CocoaPods installation.\" >&2\n    exit 1\nfi\n# This output is used by Xcode 'outputs' to avoid re-running this script phase.\necho \"SUCCESS\" > \"${SCRIPT_OUTPUT_FILE_0}\"\n";
			showEnvVarsInLog = 0;
		};
		FE817D30F9319C166215114A /* [CP] Embed Pods Frameworks */ = {
			isa = PBXShellScriptBuildPhase;
			buildActionMask = 2147483647;
			files = (
			);
			inputFileListPaths = (
				"${PODS_ROOT}/Target Support Files/Pods-CoordinatorPattern/Pods-CoordinatorPattern-frameworks-${CONFIGURATION}-input-files.xcfilelist",
			);
			name = "[CP] Embed Pods Frameworks";
			outputFileListPaths = (
				"${PODS_ROOT}/Target Support Files/Pods-CoordinatorPattern/Pods-CoordinatorPattern-frameworks-${CONFIGURATION}-output-files.xcfilelist",
			);
			runOnlyForDeploymentPostprocessing = 0;
			shellPath = /bin/sh;
			shellScript = "\"${PODS_ROOT}/Target Support Files/Pods-CoordinatorPattern/Pods-CoordinatorPattern-frameworks.sh\"\n";
			showEnvVarsInLog = 0;
		};
/* End PBXShellScriptBuildPhase section */

/* Begin PBXSourcesBuildPhase section */
		C600953E24492B3B00B9B12F /* Sources */ = {
			isa = PBXSourcesBuildPhase;
			buildActionMask = 2147483647;
			files = (
				C600954A24492B3B00B9B12F /* ViewController.swift in Sources */,
				C600954624492B3B00B9B12F /* AppDelegate.swift in Sources */,
				C6009579244946E200B9B12F /* Inventory.swift in Sources */,
				C6009580244955B200B9B12F /* QuestItem.swift in Sources */,
				C600954824492B3B00B9B12F /* SceneDelegate.swift in Sources */,
				C6009589244970E900B9B12F /* BaseCoordinator.swift in Sources */,
				C600958D2449776900B9B12F /* CoordinatorManager.swift in Sources */,
				C600957E2449554E00B9B12F /* QuestViewController.swift in Sources */,
				C600956D244931B200B9B12F /* MainViewController.swift in Sources */,
				C600958B244973FB00B9B12F /* QuestCoordinator.swift in Sources */,
				C600958324495F7600B9B12F /* CompleteViewController.swift in Sources */,
				C60095862449699000B9B12F /* Coordinator.swift in Sources */,
			);
			runOnlyForDeploymentPostprocessing = 0;
		};
		C600955424492B3C00B9B12F /* Sources */ = {
			isa = PBXSourcesBuildPhase;
			buildActionMask = 2147483647;
			files = (
				C600955D24492B3C00B9B12F /* CoordinatorPatternTests.swift in Sources */,
			);
			runOnlyForDeploymentPostprocessing = 0;
		};
/* End PBXSourcesBuildPhase section */

/* Begin PBXTargetDependency section */
		C600955A24492B3C00B9B12F /* PBXTargetDependency */ = {
			isa = PBXTargetDependency;
			target = C600954124492B3B00B9B12F /* CoordinatorPattern */;
			targetProxy = C600955924492B3C00B9B12F /* PBXContainerItemProxy */;
		};
/* End PBXTargetDependency section */

/* Begin PBXVariantGroup section */
		C600954B24492B3B00B9B12F /* Main.storyboard */ = {
			isa = PBXVariantGroup;
			children = (
				C600954C24492B3B00B9B12F /* Base */,
			);
			name = Main.storyboard;
			sourceTree = "<group>";
		};
		C600955024492B3C00B9B12F /* LaunchScreen.storyboard */ = {
			isa = PBXVariantGroup;
			children = (
				C600955124492B3C00B9B12F /* Base */,
			);
			name = LaunchScreen.storyboard;
			sourceTree = "<group>";
		};
/* End PBXVariantGroup section */

/* Begin XCBuildConfiguration section */
		C600955F24492B3C00B9B12F /* Debug */ = {
			isa = XCBuildConfiguration;
			buildSettings = {
				ALWAYS_SEARCH_USER_PATHS = NO;
				CLANG_ANALYZER_NONNULL = YES;
				CLANG_ANALYZER_NUMBER_OBJECT_CONVERSION = YES_AGGRESSIVE;
				CLANG_CXX_LANGUAGE_STANDARD = "gnu++14";
				CLANG_CXX_LIBRARY = "libc++";
				CLANG_ENABLE_MODULES = YES;
				CLANG_ENABLE_OBJC_ARC = YES;
				CLANG_ENABLE_OBJC_WEAK = YES;
				CLANG_WARN_BLOCK_CAPTURE_AUTORELEASING = YES;
				CLANG_WARN_BOOL_CONVERSION = YES;
				CLANG_WARN_COMMA = YES;
				CLANG_WARN_CONSTANT_CONVERSION = YES;
				CLANG_WARN_DEPRECATED_OBJC_IMPLEMENTATIONS = YES;
				CLANG_WARN_DIRECT_OBJC_ISA_USAGE = YES_ERROR;
				CLANG_WARN_DOCUMENTATION_COMMENTS = YES;
				CLANG_WARN_EMPTY_BODY = YES;
				CLANG_WARN_ENUM_CONVERSION = YES;
				CLANG_WARN_INFINITE_RECURSION = YES;
				CLANG_WARN_INT_CONVERSION = YES;
				CLANG_WARN_NON_LITERAL_NULL_CONVERSION = YES;
				CLANG_WARN_OBJC_IMPLICIT_RETAIN_SELF = YES;
				CLANG_WARN_OBJC_LITERAL_CONVERSION = YES;
				CLANG_WARN_OBJC_ROOT_CLASS = YES_ERROR;
				CLANG_WARN_RANGE_LOOP_ANALYSIS = YES;
				CLANG_WARN_STRICT_PROTOTYPES = YES;
				CLANG_WARN_SUSPICIOUS_MOVE = YES;
				CLANG_WARN_UNGUARDED_AVAILABILITY = YES_AGGRESSIVE;
				CLANG_WARN_UNREACHABLE_CODE = YES;
				CLANG_WARN__DUPLICATE_METHOD_MATCH = YES;
				COPY_PHASE_STRIP = NO;
				DEBUG_INFORMATION_FORMAT = dwarf;
				ENABLE_STRICT_OBJC_MSGSEND = YES;
				ENABLE_TESTABILITY = YES;
				GCC_C_LANGUAGE_STANDARD = gnu11;
				GCC_DYNAMIC_NO_PIC = NO;
				GCC_NO_COMMON_BLOCKS = YES;
				GCC_OPTIMIZATION_LEVEL = 0;
				GCC_PREPROCESSOR_DEFINITIONS = (
					"DEBUG=1",
					"$(inherited)",
				);
				GCC_WARN_64_TO_32_BIT_CONVERSION = YES;
				GCC_WARN_ABOUT_RETURN_TYPE = YES_ERROR;
				GCC_WARN_UNDECLARED_SELECTOR = YES;
				GCC_WARN_UNINITIALIZED_AUTOS = YES_AGGRESSIVE;
				GCC_WARN_UNUSED_FUNCTION = YES;
				GCC_WARN_UNUSED_VARIABLE = YES;
				IPHONEOS_DEPLOYMENT_TARGET = 13.2;
				MTL_ENABLE_DEBUG_INFO = INCLUDE_SOURCE;
				MTL_FAST_MATH = YES;
				ONLY_ACTIVE_ARCH = YES;
				SDKROOT = iphoneos;
				SWIFT_ACTIVE_COMPILATION_CONDITIONS = DEBUG;
				SWIFT_OPTIMIZATION_LEVEL = "-Onone";
			};
			name = Debug;
		};
		C600956024492B3C00B9B12F /* Release */ = {
			isa = XCBuildConfiguration;
			buildSettings = {
				ALWAYS_SEARCH_USER_PATHS = NO;
				CLANG_ANALYZER_NONNULL = YES;
				CLANG_ANALYZER_NUMBER_OBJECT_CONVERSION = YES_AGGRESSIVE;
				CLANG_CXX_LANGUAGE_STANDARD = "gnu++14";
				CLANG_CXX_LIBRARY = "libc++";
				CLANG_ENABLE_MODULES = YES;
				CLANG_ENABLE_OBJC_ARC = YES;
				CLANG_ENABLE_OBJC_WEAK = YES;
				CLANG_WARN_BLOCK_CAPTURE_AUTORELEASING = YES;
				CLANG_WARN_BOOL_CONVERSION = YES;
				CLANG_WARN_COMMA = YES;
				CLANG_WARN_CONSTANT_CONVERSION = YES;
				CLANG_WARN_DEPRECATED_OBJC_IMPLEMENTATIONS = YES;
				CLANG_WARN_DIRECT_OBJC_ISA_USAGE = YES_ERROR;
				CLANG_WARN_DOCUMENTATION_COMMENTS = YES;
				CLANG_WARN_EMPTY_BODY = YES;
				CLANG_WARN_ENUM_CONVERSION = YES;
				CLANG_WARN_INFINITE_RECURSION = YES;
				CLANG_WARN_INT_CONVERSION = YES;
				CLANG_WARN_NON_LITERAL_NULL_CONVERSION = YES;
				CLANG_WARN_OBJC_IMPLICIT_RETAIN_SELF = YES;
				CLANG_WARN_OBJC_LITERAL_CONVERSION = YES;
				CLANG_WARN_OBJC_ROOT_CLASS = YES_ERROR;
				CLANG_WARN_RANGE_LOOP_ANALYSIS = YES;
				CLANG_WARN_STRICT_PROTOTYPES = YES;
				CLANG_WARN_SUSPICIOUS_MOVE = YES;
				CLANG_WARN_UNGUARDED_AVAILABILITY = YES_AGGRESSIVE;
				CLANG_WARN_UNREACHABLE_CODE = YES;
				CLANG_WARN__DUPLICATE_METHOD_MATCH = YES;
				COPY_PHASE_STRIP = NO;
				DEBUG_INFORMATION_FORMAT = "dwarf-with-dsym";
				ENABLE_NS_ASSERTIONS = NO;
				ENABLE_STRICT_OBJC_MSGSEND = YES;
				GCC_C_LANGUAGE_STANDARD = gnu11;
				GCC_NO_COMMON_BLOCKS = YES;
				GCC_WARN_64_TO_32_BIT_CONVERSION = YES;
				GCC_WARN_ABOUT_RETURN_TYPE = YES_ERROR;
				GCC_WARN_UNDECLARED_SELECTOR = YES;
				GCC_WARN_UNINITIALIZED_AUTOS = YES_AGGRESSIVE;
				GCC_WARN_UNUSED_FUNCTION = YES;
				GCC_WARN_UNUSED_VARIABLE = YES;
				IPHONEOS_DEPLOYMENT_TARGET = 13.2;
				MTL_ENABLE_DEBUG_INFO = NO;
				MTL_FAST_MATH = YES;
				SDKROOT = iphoneos;
				SWIFT_COMPILATION_MODE = wholemodule;
				SWIFT_OPTIMIZATION_LEVEL = "-O";
				VALIDATE_PRODUCT = YES;
			};
			name = Release;
		};
		C600956224492B3C00B9B12F /* Debug */ = {
			isa = XCBuildConfiguration;
			baseConfigurationReference = 42787CD1BD28BD62223F72E4 /* Pods-CoordinatorPattern.debug.xcconfig */;
			buildSettings = {
				ASSETCATALOG_COMPILER_APPICON_NAME = AppIcon;
				CODE_SIGN_STYLE = Automatic;
				DEVELOPMENT_TEAM = 2BPJV79PL6;
				INFOPLIST_FILE = CoordinatorPattern/Info.plist;
				LD_RUNPATH_SEARCH_PATHS = (
					"$(inherited)",
					"@executable_path/Frameworks",
				);
				PRODUCT_BUNDLE_IDENTIFIER = com.mikepujol.CoordinatorPattern;
				PRODUCT_NAME = "$(TARGET_NAME)";
				SWIFT_VERSION = 5.0;
				TARGETED_DEVICE_FAMILY = "1,2";
			};
			name = Debug;
		};
		C600956324492B3C00B9B12F /* Release */ = {
			isa = XCBuildConfiguration;
			baseConfigurationReference = 547024DD6B956D2370362BEC /* Pods-CoordinatorPattern.release.xcconfig */;
			buildSettings = {
				ASSETCATALOG_COMPILER_APPICON_NAME = AppIcon;
				CODE_SIGN_STYLE = Automatic;
				DEVELOPMENT_TEAM = 2BPJV79PL6;
				INFOPLIST_FILE = CoordinatorPattern/Info.plist;
				LD_RUNPATH_SEARCH_PATHS = (
					"$(inherited)",
					"@executable_path/Frameworks",
				);
				PRODUCT_BUNDLE_IDENTIFIER = com.mikepujol.CoordinatorPattern;
				PRODUCT_NAME = "$(TARGET_NAME)";
				SWIFT_VERSION = 5.0;
				TARGETED_DEVICE_FAMILY = "1,2";
			};
			name = Release;
		};
		C600956524492B3C00B9B12F /* Debug */ = {
			isa = XCBuildConfiguration;
			baseConfigurationReference = 58CB07407C3526B647EFA629 /* Pods-CoordinatorPatternTests.debug.xcconfig */;
			buildSettings = {
				ALWAYS_EMBED_SWIFT_STANDARD_LIBRARIES = YES;
				BUNDLE_LOADER = "$(TEST_HOST)";
				CODE_SIGN_STYLE = Automatic;
				DEVELOPMENT_TEAM = 2BPJV79PL6;
				INFOPLIST_FILE = CoordinatorPatternTests/Info.plist;
				IPHONEOS_DEPLOYMENT_TARGET = 13.2;
				LD_RUNPATH_SEARCH_PATHS = (
					"$(inherited)",
					"@executable_path/Frameworks",
					"@loader_path/Frameworks",
				);
				PRODUCT_BUNDLE_IDENTIFIER = com.mikepujol.CoordinatorPatternTests;
				PRODUCT_NAME = "$(TARGET_NAME)";
				SWIFT_VERSION = 5.0;
				TARGETED_DEVICE_FAMILY = "1,2";
				TEST_HOST = "$(BUILT_PRODUCTS_DIR)/CoordinatorPattern.app/CoordinatorPattern";
			};
			name = Debug;
		};
		C600956624492B3C00B9B12F /* Release */ = {
			isa = XCBuildConfiguration;
			baseConfigurationReference = 454A8CF9BFC8600044340F38 /* Pods-CoordinatorPatternTests.release.xcconfig */;
			buildSettings = {
				ALWAYS_EMBED_SWIFT_STANDARD_LIBRARIES = YES;
				BUNDLE_LOADER = "$(TEST_HOST)";
				CODE_SIGN_STYLE = Automatic;
				DEVELOPMENT_TEAM = 2BPJV79PL6;
				INFOPLIST_FILE = CoordinatorPatternTests/Info.plist;
				IPHONEOS_DEPLOYMENT_TARGET = 13.2;
				LD_RUNPATH_SEARCH_PATHS = (
					"$(inherited)",
					"@executable_path/Frameworks",
					"@loader_path/Frameworks",
				);
				PRODUCT_BUNDLE_IDENTIFIER = com.mikepujol.CoordinatorPatternTests;
				PRODUCT_NAME = "$(TARGET_NAME)";
				SWIFT_VERSION = 5.0;
				TARGETED_DEVICE_FAMILY = "1,2";
				TEST_HOST = "$(BUILT_PRODUCTS_DIR)/CoordinatorPattern.app/CoordinatorPattern";
			};
			name = Release;
		};
/* End XCBuildConfiguration section */

/* Begin XCConfigurationList section */
		C600953D24492B3B00B9B12F /* Build configuration list for PBXProject "CoordinatorPattern" */ = {
			isa = XCConfigurationList;
			buildConfigurations = (
				C600955F24492B3C00B9B12F /* Debug */,
				C600956024492B3C00B9B12F /* Release */,
			);
			defaultConfigurationIsVisible = 0;
			defaultConfigurationName = Release;
		};
		C600956124492B3C00B9B12F /* Build configuration list for PBXNativeTarget "CoordinatorPattern" */ = {
			isa = XCConfigurationList;
			buildConfigurations = (
				C600956224492B3C00B9B12F /* Debug */,
				C600956324492B3C00B9B12F /* Release */,
			);
			defaultConfigurationIsVisible = 0;
			defaultConfigurationName = Release;
		};
		C600956424492B3C00B9B12F /* Build configuration list for PBXNativeTarget "CoordinatorPatternTests" */ = {
			isa = XCConfigurationList;
			buildConfigurations = (
				C600956524492B3C00B9B12F /* Debug */,
				C600956624492B3C00B9B12F /* Release */,
			);
			defaultConfigurationIsVisible = 0;
			defaultConfigurationName = Release;
		};
/* End XCConfigurationList section */
	};
	rootObject = C600953A24492B3B00B9B12F /* Project object */;
}
